
Microsoft Visual Studio Solution File, Format Version 12.00
# Visual Studio Version 16
VisualStudioVersion = 16.0.30503.244
MinimumVisualStudioVersion = 10.0.40219.1
Project("{FAE04EC0-301F-11D3-BF4B-00C04F79EFBC}") = "TrashCollector", "TrashCollector\TrashCollector.csproj", "{D251F831-6F86-43BF-B111-7C918EAF6184}"
EndProject
Global
	GlobalSection(SolutionConfigurationPlatforms) = preSolution
		Debug|Any CPU = Debug|Any CPU
		Release|Any CPU = Release|Any CPU
	EndGlobalSection
	GlobalSection(ProjectConfigurationPlatforms) = postSolution
		{D251F831-6F86-43BF-B111-7C918EAF6184}.Debug|Any CPU.ActiveCfg = Debug|Any CPU
		{D251F831-6F86-43BF-B111-7C918EAF6184}.Debug|Any CPU.Build.0 = Debug|Any CPU
		{D251F831-6F86-43BF-B111-7C918EAF6184}.Release|Any CPU.ActiveCfg = Release|Any CPU
		{D251F831-6F86-43BF-B111-7C918EAF6184}.Release|Any CPU.Build.0 = Release|Any CPU
	EndGlobalSection
	GlobalSection(SolutionProperties) = preSolution
		HideSolutionNode = FALSE
	EndGlobalSection
	GlobalSection(ExtensibilityGlobals) = postSolution
		SolutionGuid = {78646D38-C004-4189-9DA0-8A12439F0F98}
	EndGlobalSection
EndGlobal
